
Microsoft Visual Studio Solution File, Format Version 12.00
# Visual Studio 15
VisualStudioVersion = 15.0.27130.2027
MinimumVisualStudioVersion = 10.0.40219.1
Project("{FAE04EC0-301F-11D3-BF4B-00C04F79EFBC}") = "PetsInheritance", "PetsIhneritence\PetsInheritance.csproj", "{D784AFA3-5F2E-4503-B6D5-5093113AAF68}"
EndProject
Project("{2150E333-8FDC-42A3-9474-1A3956D46DE8}") = "Solution Items", "Solution Items", "{99DCE531-962D-4940-9D97-A6DF06E9A624}"
EndProject
Global
	GlobalSection(SolutionConfigurationPlatforms) = preSolution
		Debug|Any CPU = Debug|Any CPU
		Release|Any CPU = Release|Any CPU
	EndGlobalSection
	GlobalSection(ProjectConfigurationPlatforms) = postSolution
		{D784AFA3-5F2E-4503-B6D5-5093113AAF68}.Debug|Any CPU.ActiveCfg = Debug|Any CPU
		{D784AFA3-5F2E-4503-B6D5-5093113AAF68}.Debug|Any CPU.Build.0 = Debug|Any CPU
		{D784AFA3-5F2E-4503-B6D5-5093113AAF68}.Release|Any CPU.ActiveCfg = Release|Any CPU
		{D784AFA3-5F2E-4503-B6D5-5093113AAF68}.Release|Any CPU.Build.0 = Release|Any CPU
	EndGlobalSection
	GlobalSection(SolutionProperties) = preSolution
		HideSolutionNode = FALSE
	EndGlobalSection
	GlobalSection(ExtensibilityGlobals) = postSolution
		SolutionGuid = {EF84C147-2D2D-4BB2-827B-979B27DD9BFC}
	EndGlobalSection
EndGlobal
